
Microsoft Visual Studio Solution File, Format Version 12.00
# Visual Studio Version 17
VisualStudioVersion = 17.7.34018.315
MinimumVisualStudioVersion = 10.0.40219.1
Project("{FAE04EC0-301F-11D3-BF4B-00C04F79EFBC}") = "Module06MVVM.Android", "Module06MVVM\Module06MVVM.Android\Module06MVVM.Android.csproj", "{56898986-6C89-4838-A32B-85B156AB0F69}"
EndProject
Project("{FAE04EC0-301F-11D3-BF4B-00C04F79EFBC}") = "Module06MVVM", "Module06MVVM\Module06MVVM\Module06MVVM.csproj", "{D07C5EFA-F0C3-4FC5-B27A-44BA3BAB8B33}"
EndProject
Global
	GlobalSection(SolutionConfigurationPlatforms) = preSolution
		Debug|Any CPU = Debug|Any CPU
		Release|Any CPU = Release|Any CPU
	EndGlobalSection
	GlobalSection(ProjectConfigurationPlatforms) = postSolution
		{56898986-6C89-4838-A32B-85B156AB0F69}.Debug|Any CPU.ActiveCfg = Debug|Any CPU
		{56898986-6C89-4838-A32B-85B156AB0F69}.Debug|Any CPU.Build.0 = Debug|Any CPU
		{56898986-6C89-4838-A32B-85B156AB0F69}.Debug|Any CPU.Deploy.0 = Debug|Any CPU
		{56898986-6C89-4838-A32B-85B156AB0F69}.Release|Any CPU.ActiveCfg = Release|Any CPU
		{56898986-6C89-4838-A32B-85B156AB0F69}.Release|Any CPU.Build.0 = Release|Any CPU
		{56898986-6C89-4838-A32B-85B156AB0F69}.Release|Any CPU.Deploy.0 = Release|Any CPU
		{D07C5EFA-F0C3-4FC5-B27A-44BA3BAB8B33}.Debug|Any CPU.ActiveCfg = Debug|Any CPU
		{D07C5EFA-F0C3-4FC5-B27A-44BA3BAB8B33}.Debug|Any CPU.Build.0 = Debug|Any CPU
		{D07C5EFA-F0C3-4FC5-B27A-44BA3BAB8B33}.Debug|Any CPU.Deploy.0 = Debug|Any CPU
		{D07C5EFA-F0C3-4FC5-B27A-44BA3BAB8B33}.Release|Any CPU.ActiveCfg = Release|Any CPU
		{D07C5EFA-F0C3-4FC5-B27A-44BA3BAB8B33}.Release|Any CPU.Build.0 = Release|Any CPU
		{D07C5EFA-F0C3-4FC5-B27A-44BA3BAB8B33}.Release|Any CPU.Deploy.0 = Release|Any CPU
	EndGlobalSection
	GlobalSection(SolutionProperties) = preSolution
		HideSolutionNode = FALSE
	EndGlobalSection
	GlobalSection(ExtensibilityGlobals) = postSolution
		SolutionGuid = {B0A3F4F8-00F1-4EF3-9A6D-D9C0817C3A09}
	EndGlobalSection
EndGlobal
